// !$*UTF8*$!
{
	archiveVersion = 1;
	classes = {
	};
	objectVersion = 50;
	objects = {

/* Begin PBXBuildFile section */
		38F658037E766B7E095A4FCE /* Pods_subreddit_posts_finder.framework in Frameworks */ = {isa = PBXBuildFile; fileRef = 4FCC998F635640DC88DDC025 /* Pods_subreddit_posts_finder.framework */; };
		769F304D2140F5AB00A49E94 /* AppDelegate.swift in Sources */ = {isa = PBXBuildFile; fileRef = 769F304C2140F5AB00A49E94 /* AppDelegate.swift */; };
		769F304F2140F5AB00A49E94 /* ViewController.swift in Sources */ = {isa = PBXBuildFile; fileRef = 769F304E2140F5AB00A49E94 /* ViewController.swift */; };
		769F30522140F5AB00A49E94 /* Main.storyboard in Resources */ = {isa = PBXBuildFile; fileRef = 769F30502140F5AB00A49E94 /* Main.storyboard */; };
		769F30542140F5AD00A49E94 /* Assets.xcassets in Resources */ = {isa = PBXBuildFile; fileRef = 769F30532140F5AD00A49E94 /* Assets.xcassets */; };
		769F30572140F5AD00A49E94 /* LaunchScreen.storyboard in Resources */ = {isa = PBXBuildFile; fileRef = 769F30552140F5AD00A49E94 /* LaunchScreen.storyboard */; };
		76EC3E21214246C300C1CC00 /* Post.swift in Sources */ = {isa = PBXBuildFile; fileRef = 76EC3E20214246C300C1CC00 /* Post.swift */; };
		76EC3E23214246E200C1CC00 /* PostData.swift in Sources */ = {isa = PBXBuildFile; fileRef = 76EC3E22214246E200C1CC00 /* PostData.swift */; };
		76EC3E25214246F300C1CC00 /* PostChild.swift in Sources */ = {isa = PBXBuildFile; fileRef = 76EC3E24214246F300C1CC00 /* PostChild.swift */; };
		76EC3E272142470200C1CC00 /* PostChildData.swift in Sources */ = {isa = PBXBuildFile; fileRef = 76EC3E262142470200C1CC00 /* PostChildData.swift */; };
		76EC3E292142471300C1CC00 /* PostPreview.swift in Sources */ = {isa = PBXBuildFile; fileRef = 76EC3E282142471300C1CC00 /* PostPreview.swift */; };
		76EC3E2B2142472300C1CC00 /* PostPreviewImages.swift in Sources */ = {isa = PBXBuildFile; fileRef = 76EC3E2A2142472300C1CC00 /* PostPreviewImages.swift */; };
		76EC3E2D2142473000C1CC00 /* PostPreviewImagesSource.swift in Sources */ = {isa = PBXBuildFile; fileRef = 76EC3E2C2142473000C1CC00 /* PostPreviewImagesSource.swift */; };
		76EC3E2F2142484800C1CC00 /* Subreddit.swift in Sources */ = {isa = PBXBuildFile; fileRef = 76EC3E2E2142484800C1CC00 /* Subreddit.swift */; };
		76EC3E312142485C00C1CC00 /* SubData.swift in Sources */ = {isa = PBXBuildFile; fileRef = 76EC3E302142485C00C1CC00 /* SubData.swift */; };
		76EC3E332142487000C1CC00 /* SubChild.swift in Sources */ = {isa = PBXBuildFile; fileRef = 76EC3E322142487000C1CC00 /* SubChild.swift */; };
		76EC3E352142488000C1CC00 /* SubChildData.swift in Sources */ = {isa = PBXBuildFile; fileRef = 76EC3E342142488000C1CC00 /* SubChildData.swift */; };
/* End PBXBuildFile section */

/* Begin PBXFileReference section */
		4FCC998F635640DC88DDC025 /* Pods_subreddit_posts_finder.framework */ = {isa = PBXFileReference; explicitFileType = wrapper.framework; includeInIndex = 0; path = Pods_subreddit_posts_finder.framework; sourceTree = BUILT_PRODUCTS_DIR; };
		769F30492140F5AA00A49E94 /* subreddit-posts-finder.app */ = {isa = PBXFileReference; explicitFileType = wrapper.application; includeInIndex = 0; path = "subreddit-posts-finder.app"; sourceTree = BUILT_PRODUCTS_DIR; };
		769F304C2140F5AB00A49E94 /* AppDelegate.swift */ = {isa = PBXFileReference; lastKnownFileType = sourcecode.swift; path = AppDelegate.swift; sourceTree = "<group>"; };
		769F304E2140F5AB00A49E94 /* ViewController.swift */ = {isa = PBXFileReference; lastKnownFileType = sourcecode.swift; path = ViewController.swift; sourceTree = "<group>"; };
		769F30512140F5AB00A49E94 /* Base */ = {isa = PBXFileReference; lastKnownFileType = file.storyboard; name = Base; path = Base.lproj/Main.storyboard; sourceTree = "<group>"; };
		769F30532140F5AD00A49E94 /* Assets.xcassets */ = {isa = PBXFileReference; lastKnownFileType = folder.assetcatalog; path = Assets.xcassets; sourceTree = "<group>"; };
		769F30562140F5AD00A49E94 /* Base */ = {isa = PBXFileReference; lastKnownFileType = file.storyboard; name = Base; path = Base.lproj/LaunchScreen.storyboard; sourceTree = "<group>"; };
		769F30582140F5AD00A49E94 /* Info.plist */ = {isa = PBXFileReference; lastKnownFileType = text.plist.xml; path = Info.plist; sourceTree = "<group>"; };
		76EC3E20214246C300C1CC00 /* Post.swift */ = {isa = PBXFileReference; lastKnownFileType = sourcecode.swift; path = Post.swift; sourceTree = "<group>"; };
		76EC3E22214246E200C1CC00 /* PostData.swift */ = {isa = PBXFileReference; lastKnownFileType = sourcecode.swift; path = PostData.swift; sourceTree = "<group>"; };
		76EC3E24214246F300C1CC00 /* PostChild.swift */ = {isa = PBXFileReference; lastKnownFileType = sourcecode.swift; path = PostChild.swift; sourceTree = "<group>"; };
		76EC3E262142470200C1CC00 /* PostChildData.swift */ = {isa = PBXFileReference; lastKnownFileType = sourcecode.swift; path = PostChildData.swift; sourceTree = "<group>"; };
		76EC3E282142471300C1CC00 /* PostPreview.swift */ = {isa = PBXFileReference; lastKnownFileType = sourcecode.swift; path = PostPreview.swift; sourceTree = "<group>"; };
		76EC3E2A2142472300C1CC00 /* PostPreviewImages.swift */ = {isa = PBXFileReference; lastKnownFileType = sourcecode.swift; path = PostPreviewImages.swift; sourceTree = "<group>"; };
		76EC3E2C2142473000C1CC00 /* PostPreviewImagesSource.swift */ = {isa = PBXFileReference; lastKnownFileType = sourcecode.swift; path = PostPreviewImagesSource.swift; sourceTree = "<group>"; };
		76EC3E2E2142484800C1CC00 /* Subreddit.swift */ = {isa = PBXFileReference; lastKnownFileType = sourcecode.swift; path = Subreddit.swift; sourceTree = "<group>"; };
		76EC3E302142485C00C1CC00 /* SubData.swift */ = {isa = PBXFileReference; lastKnownFileType = sourcecode.swift; path = SubData.swift; sourceTree = "<group>"; };
		76EC3E322142487000C1CC00 /* SubChild.swift */ = {isa = PBXFileReference; lastKnownFileType = sourcecode.swift; path = SubChild.swift; sourceTree = "<group>"; };
		76EC3E342142488000C1CC00 /* SubChildData.swift */ = {isa = PBXFileReference; lastKnownFileType = sourcecode.swift; path = SubChildData.swift; sourceTree = "<group>"; };
		BC38B5281F1CE3010B42DCB9 /* Pods-subreddit-posts-finder.release.xcconfig */ = {isa = PBXFileReference; includeInIndex = 1; lastKnownFileType = text.xcconfig; name = "Pods-subreddit-posts-finder.release.xcconfig"; path = "Pods/Target Support Files/Pods-subreddit-posts-finder/Pods-subreddit-posts-finder.release.xcconfig"; sourceTree = "<group>"; };
		EE9CE38D84F32B17A35CCA93 /* Pods-subreddit-posts-finder.debug.xcconfig */ = {isa = PBXFileReference; includeInIndex = 1; lastKnownFileType = text.xcconfig; name = "Pods-subreddit-posts-finder.debug.xcconfig"; path = "Pods/Target Support Files/Pods-subreddit-posts-finder/Pods-subreddit-posts-finder.debug.xcconfig"; sourceTree = "<group>"; };
/* End PBXFileReference section */

/* Begin PBXFrameworksBuildPhase section */
		769F30462140F5AA00A49E94 /* Frameworks */ = {
			isa = PBXFrameworksBuildPhase;
			buildActionMask = 2147483647;
			files = (
				38F658037E766B7E095A4FCE /* Pods_subreddit_posts_finder.framework in Frameworks */,
			);
			runOnlyForDeploymentPostprocessing = 0;
		};
/* End PBXFrameworksBuildPhase section */

/* Begin PBXGroup section */
		12F42B7C851C7F6A0430265C /* Frameworks */ = {
			isa = PBXGroup;
			children = (
				4FCC998F635640DC88DDC025 /* Pods_subreddit_posts_finder.framework */,
			);
			name = Frameworks;
			sourceTree = "<group>";
		};
		769F30402140F5AA00A49E94 = {
			isa = PBXGroup;
			children = (
				769F304B2140F5AA00A49E94 /* subreddit-posts-finder */,
				769F304A2140F5AA00A49E94 /* Products */,
				F7E7F191D34815882FF6BF0E /* Pods */,
				12F42B7C851C7F6A0430265C /* Frameworks */,
			);
			sourceTree = "<group>";
		};
		769F304A2140F5AA00A49E94 /* Products */ = {
			isa = PBXGroup;
			children = (
				769F30492140F5AA00A49E94 /* subreddit-posts-finder.app */,
			);
			name = Products;
			sourceTree = "<group>";
		};
		769F304B2140F5AA00A49E94 /* subreddit-posts-finder */ = {
			isa = PBXGroup;
			children = (
				769F30582140F5AD00A49E94 /* Info.plist */,
				769F304C2140F5AB00A49E94 /* AppDelegate.swift */,
				769F306E2141156000A49E94 /* API */,
				769F3064214113E900A49E94 /* Model */,
				769F3065214113FA00A49E94 /* View */,
				769F30662141142A00A49E94 /* ViewModel */,
				769F30772141183C00A49E94 /* SupportFiles */,
				769F3063214113BD00A49E94 /* Resources */,
			);
			path = "subreddit-posts-finder";
			sourceTree = "<group>";
		};
		769F3063214113BD00A49E94 /* Resources */ = {
			isa = PBXGroup;
			children = (
				769F30752141170600A49E94 /* Fonts */,
				769F30532140F5AD00A49E94 /* Assets.xcassets */,
			);
			path = Resources;
			sourceTree = "<group>";
		};
		769F3064214113E900A49E94 /* Model */ = {
			isa = PBXGroup;
			children = (
				76EC3E132142435B00C1CC00 /* Displays */,
				769F30702141159E00A49E94 /* Objects */,
				769F30782141188200A49E94 /* Enums */,
				769F30792141188D00A49E94 /* Extension */,
			);
			path = Model;
			sourceTree = "<group>";
		};
		769F3065214113FA00A49E94 /* View */ = {
			isa = PBXGroup;
			children = (
				769F3072214115EF00A49E94 /* ViewControllers */,
				769F306D2141151D00A49E94 /* Designables */,
				769F306A214114D000A49E94 /* SearchCell */,
				769F30682141146300A49E94 /* PostCells */,
			);
			path = View;
			sourceTree = "<group>";
		};
		769F30662141142A00A49E94 /* ViewModel */ = {
			isa = PBXGroup;
			children = (
			);
			path = ViewModel;
			sourceTree = "<group>";
		};
		769F30672141144800A49E94 /* XIB */ = {
			isa = PBXGroup;
			children = (
			);
			path = XIB;
			sourceTree = "<group>";
		};
		769F30682141146300A49E94 /* PostCells */ = {
			isa = PBXGroup;
			children = (
				769F3069214114B900A49E94 /* Controller */,
				769F30672141144800A49E94 /* XIB */,
			);
			path = PostCells;
			sourceTree = "<group>";
		};
		769F3069214114B900A49E94 /* Controller */ = {
			isa = PBXGroup;
			children = (
			);
			path = Controller;
			sourceTree = "<group>";
		};
		769F306A214114D000A49E94 /* SearchCell */ = {
			isa = PBXGroup;
			children = (
				769F306C2141150600A49E94 /* Controller */,
				769F306B214114FF00A49E94 /* XIB */,
			);
			path = SearchCell;
			sourceTree = "<group>";
		};
		769F306B214114FF00A49E94 /* XIB */ = {
			isa = PBXGroup;
			children = (
			);
			path = XIB;
			sourceTree = "<group>";
		};
		769F306C2141150600A49E94 /* Controller */ = {
			isa = PBXGroup;
			children = (
			);
			path = Controller;
			sourceTree = "<group>";
		};
		769F306D2141151D00A49E94 /* Designables */ = {
			isa = PBXGroup;
			children = (
			);
			path = Designables;
			sourceTree = "<group>";
		};
		769F306E2141156000A49E94 /* API */ = {
			isa = PBXGroup;
			children = (
				769F3076214117B800A49E94 /* Providers */,
				769F306F2141156800A49E94 /* Services */,
			);
			path = API;
			sourceTree = "<group>";
		};
		769F306F2141156800A49E94 /* Services */ = {
			isa = PBXGroup;
			children = (
			);
			path = Services;
			sourceTree = "<group>";
		};
		769F30702141159E00A49E94 /* Objects */ = {
			isa = PBXGroup;
			children = (
				76EC3E1F214244BC00C1CC00 /* Subreddit */,
				76EC3E1E214244B700C1CC00 /* Post */,
			);
			path = Objects;
			sourceTree = "<group>";
		};
		769F3072214115EF00A49E94 /* ViewControllers */ = {
			isa = PBXGroup;
			children = (
				769F3074214116AA00A49E94 /* Storyboard */,
				769F3073214116A400A49E94 /* Controller */,
			);
			path = ViewControllers;
			sourceTree = "<group>";
		};
		769F3073214116A400A49E94 /* Controller */ = {
			isa = PBXGroup;
			children = (
				769F304E2140F5AB00A49E94 /* ViewController.swift */,
			);
			path = Controller;
			sourceTree = "<group>";
		};
		769F3074214116AA00A49E94 /* Storyboard */ = {
			isa = PBXGroup;
			children = (
				769F30552140F5AD00A49E94 /* LaunchScreen.storyboard */,
				769F30502140F5AB00A49E94 /* Main.storyboard */,
			);
			path = Storyboard;
			sourceTree = "<group>";
		};
		769F30752141170600A49E94 /* Fonts */ = {
			isa = PBXGroup;
			children = (
			);
			path = Fonts;
			sourceTree = "<group>";
		};
		769F3076214117B800A49E94 /* Providers */ = {
			isa = PBXGroup;
			children = (
			);
			path = Providers;
			sourceTree = "<group>";
		};
		769F30772141183C00A49E94 /* SupportFiles */ = {
			isa = PBXGroup;
			children = (
			);
			path = SupportFiles;
			sourceTree = "<group>";
		};
		769F30782141188200A49E94 /* Enums */ = {
			isa = PBXGroup;
			children = (
			);
			path = Enums;
			sourceTree = "<group>";
		};
		769F30792141188D00A49E94 /* Extension */ = {
			isa = PBXGroup;
			children = (
				76EC3E1D2142446500C1CC00 /* DataTypes */,
				76EC3E1C2142445F00C1CC00 /* UIs */,
			);
			path = Extension;
			sourceTree = "<group>";
		};
		76EC3E132142435B00C1CC00 /* Displays */ = {
			isa = PBXGroup;
			children = (
			);
			path = Displays;
			sourceTree = "<group>";
		};
		76EC3E1C2142445F00C1CC00 /* UIs */ = {
			isa = PBXGroup;
			children = (
			);
			path = UIs;
			sourceTree = "<group>";
		};
		76EC3E1D2142446500C1CC00 /* DataTypes */ = {
			isa = PBXGroup;
			children = (
			);
			path = DataTypes;
			sourceTree = "<group>";
		};
		76EC3E1E214244B700C1CC00 /* Post */ = {
			isa = PBXGroup;
			children = (
				76EC3E20214246C300C1CC00 /* Post.swift */,
				76EC3E22214246E200C1CC00 /* PostData.swift */,
				76EC3E24214246F300C1CC00 /* PostChild.swift */,
				76EC3E262142470200C1CC00 /* PostChildData.swift */,
				76EC3E282142471300C1CC00 /* PostPreview.swift */,
				76EC3E2A2142472300C1CC00 /* PostPreviewImages.swift */,
				76EC3E2C2142473000C1CC00 /* PostPreviewImagesSource.swift */,
			);
			path = Post;
			sourceTree = "<group>";
		};
		76EC3E1F214244BC00C1CC00 /* Subreddit */ = {
			isa = PBXGroup;
			children = (
				76EC3E2E2142484800C1CC00 /* Subreddit.swift */,
				76EC3E302142485C00C1CC00 /* SubData.swift */,
				76EC3E322142487000C1CC00 /* SubChild.swift */,
				76EC3E342142488000C1CC00 /* SubChildData.swift */,
			);
			path = Subreddit;
			sourceTree = "<group>";
		};
		F7E7F191D34815882FF6BF0E /* Pods */ = {
			isa = PBXGroup;
			children = (
				EE9CE38D84F32B17A35CCA93 /* Pods-subreddit-posts-finder.debug.xcconfig */,
				BC38B5281F1CE3010B42DCB9 /* Pods-subreddit-posts-finder.release.xcconfig */,
			);
			name = Pods;
			sourceTree = "<group>";
		};
/* End PBXGroup section */

/* Begin PBXNativeTarget section */
		769F30482140F5AA00A49E94 /* subreddit-posts-finder */ = {
			isa = PBXNativeTarget;
			buildConfigurationList = 769F305B2140F5AD00A49E94 /* Build configuration list for PBXNativeTarget "subreddit-posts-finder" */;
			buildPhases = (
				4CB24D18712C60B5C57823F5 /* [CP] Check Pods Manifest.lock */,
				769F30452140F5AA00A49E94 /* Sources */,
				769F30462140F5AA00A49E94 /* Frameworks */,
				769F30472140F5AA00A49E94 /* Resources */,
				637F05CE7DDDA4253972EACB /* [CP] Embed Pods Frameworks */,
			);
			buildRules = (
			);
			dependencies = (
			);
			name = "subreddit-posts-finder";
			productName = "subreddit-posts-finder";
			productReference = 769F30492140F5AA00A49E94 /* subreddit-posts-finder.app */;
			productType = "com.apple.product-type.application";
		};
/* End PBXNativeTarget section */

/* Begin PBXProject section */
		769F30412140F5AA00A49E94 /* Project object */ = {
			isa = PBXProject;
			attributes = {
				LastSwiftUpdateCheck = 0940;
				LastUpgradeCheck = 0940;
				ORGANIZATIONNAME = "Jemimah Beryl M. Sai";
				TargetAttributes = {
					769F30482140F5AA00A49E94 = {
						CreatedOnToolsVersion = 9.4.1;
					};
				};
			};
			buildConfigurationList = 769F30442140F5AA00A49E94 /* Build configuration list for PBXProject "subreddit-posts-finder" */;
			compatibilityVersion = "Xcode 9.3";
			developmentRegion = en;
			hasScannedForEncodings = 0;
			knownRegions = (
				en,
				Base,
			);
			mainGroup = 769F30402140F5AA00A49E94;
			productRefGroup = 769F304A2140F5AA00A49E94 /* Products */;
			projectDirPath = "";
			projectRoot = "";
			targets = (
				769F30482140F5AA00A49E94 /* subreddit-posts-finder */,
			);
		};
/* End PBXProject section */

/* Begin PBXResourcesBuildPhase section */
		769F30472140F5AA00A49E94 /* Resources */ = {
			isa = PBXResourcesBuildPhase;
			buildActionMask = 2147483647;
			files = (
				769F30572140F5AD00A49E94 /* LaunchScreen.storyboard in Resources */,
				769F30542140F5AD00A49E94 /* Assets.xcassets in Resources */,
				769F30522140F5AB00A49E94 /* Main.storyboard in Resources */,
			);
			runOnlyForDeploymentPostprocessing = 0;
		};
/* End PBXResourcesBuildPhase section */

/* Begin PBXShellScriptBuildPhase section */
		4CB24D18712C60B5C57823F5 /* [CP] Check Pods Manifest.lock */ = {
			isa = PBXShellScriptBuildPhase;
			buildActionMask = 2147483647;
			files = (
			);
			inputPaths = (
				"${PODS_PODFILE_DIR_PATH}/Podfile.lock",
				"${PODS_ROOT}/Manifest.lock",
			);
			name = "[CP] Check Pods Manifest.lock";
			outputPaths = (
				"$(DERIVED_FILE_DIR)/Pods-subreddit-posts-finder-checkManifestLockResult.txt",
			);
			runOnlyForDeploymentPostprocessing = 0;
			shellPath = /bin/sh;
			shellScript = "diff \"${PODS_PODFILE_DIR_PATH}/Podfile.lock\" \"${PODS_ROOT}/Manifest.lock\" > /dev/null\nif [ $? != 0 ] ; then\n    # print error to STDERR\n    echo \"error: The sandbox is not in sync with the Podfile.lock. Run 'pod install' or update your CocoaPods installation.\" >&2\n    exit 1\nfi\n# This output is used by Xcode 'outputs' to avoid re-running this script phase.\necho \"SUCCESS\" > \"${SCRIPT_OUTPUT_FILE_0}\"\n";
			showEnvVarsInLog = 0;
		};
		637F05CE7DDDA4253972EACB /* [CP] Embed Pods Frameworks */ = {
			isa = PBXShellScriptBuildPhase;
			buildActionMask = 2147483647;
			files = (
			);
			inputPaths = (
				"${SRCROOT}/Pods/Target Support Files/Pods-subreddit-posts-finder/Pods-subreddit-posts-finder-frameworks.sh",
				"${BUILT_PRODUCTS_DIR}/Alamofire/Alamofire.framework",
				"${BUILT_PRODUCTS_DIR}/Moya/Moya.framework",
				"${BUILT_PRODUCTS_DIR}/ObjectMapper/ObjectMapper.framework",
				"${BUILT_PRODUCTS_DIR}/Result/Result.framework",
			);
			name = "[CP] Embed Pods Frameworks";
			outputPaths = (
				"${TARGET_BUILD_DIR}/${FRAMEWORKS_FOLDER_PATH}/Alamofire.framework",
				"${TARGET_BUILD_DIR}/${FRAMEWORKS_FOLDER_PATH}/Moya.framework",
				"${TARGET_BUILD_DIR}/${FRAMEWORKS_FOLDER_PATH}/ObjectMapper.framework",
				"${TARGET_BUILD_DIR}/${FRAMEWORKS_FOLDER_PATH}/Result.framework",
			);
			runOnlyForDeploymentPostprocessing = 0;
			shellPath = /bin/sh;
			shellScript = "\"${SRCROOT}/Pods/Target Support Files/Pods-subreddit-posts-finder/Pods-subreddit-posts-finder-frameworks.sh\"\n";
			showEnvVarsInLog = 0;
		};
/* End PBXShellScriptBuildPhase section */

/* Begin PBXSourcesBuildPhase section */
		769F30452140F5AA00A49E94 /* Sources */ = {
			isa = PBXSourcesBuildPhase;
			buildActionMask = 2147483647;
			files = (
				76EC3E2B2142472300C1CC00 /* PostPreviewImages.swift in Sources */,
				76EC3E25214246F300C1CC00 /* PostChild.swift in Sources */,
				76EC3E352142488000C1CC00 /* SubChildData.swift in Sources */,
				76EC3E21214246C300C1CC00 /* Post.swift in Sources */,
				76EC3E332142487000C1CC00 /* SubChild.swift in Sources */,
				76EC3E23214246E200C1CC00 /* PostData.swift in Sources */,
				76EC3E292142471300C1CC00 /* PostPreview.swift in Sources */,
				769F304F2140F5AB00A49E94 /* ViewController.swift in Sources */,
				76EC3E2D2142473000C1CC00 /* PostPreviewImagesSource.swift in Sources */,
				76EC3E272142470200C1CC00 /* PostChildData.swift in Sources */,
				76EC3E2F2142484800C1CC00 /* Subreddit.swift in Sources */,
				76EC3E312142485C00C1CC00 /* SubData.swift in Sources */,
				769F304D2140F5AB00A49E94 /* AppDelegate.swift in Sources */,
			);
			runOnlyForDeploymentPostprocessing = 0;
		};
/* End PBXSourcesBuildPhase section */

/* Begin PBXVariantGroup section */
		769F30502140F5AB00A49E94 /* Main.storyboard */ = {
			isa = PBXVariantGroup;
			children = (
				769F30512140F5AB00A49E94 /* Base */,
			);
			name = Main.storyboard;
			sourceTree = "<group>";
		};
		769F30552140F5AD00A49E94 /* LaunchScreen.storyboard */ = {
			isa = PBXVariantGroup;
			children = (
				769F30562140F5AD00A49E94 /* Base */,
			);
			name = LaunchScreen.storyboard;
			sourceTree = "<group>";
		};
/* End PBXVariantGroup section */

/* Begin XCBuildConfiguration section */
		769F30592140F5AD00A49E94 /* Debug */ = {
			isa = XCBuildConfiguration;
			buildSettings = {
				ALWAYS_SEARCH_USER_PATHS = NO;
				CLANG_ANALYZER_NONNULL = YES;
				CLANG_ANALYZER_NUMBER_OBJECT_CONVERSION = YES_AGGRESSIVE;
				CLANG_CXX_LANGUAGE_STANDARD = "gnu++14";
				CLANG_CXX_LIBRARY = "libc++";
				CLANG_ENABLE_MODULES = YES;
				CLANG_ENABLE_OBJC_ARC = YES;
				CLANG_ENABLE_OBJC_WEAK = YES;
				CLANG_WARN_BLOCK_CAPTURE_AUTORELEASING = YES;
				CLANG_WARN_BOOL_CONVERSION = YES;
				CLANG_WARN_COMMA = YES;
				CLANG_WARN_CONSTANT_CONVERSION = YES;
				CLANG_WARN_DEPRECATED_OBJC_IMPLEMENTATIONS = YES;
				CLANG_WARN_DIRECT_OBJC_ISA_USAGE = YES_ERROR;
				CLANG_WARN_DOCUMENTATION_COMMENTS = YES;
				CLANG_WARN_EMPTY_BODY = YES;
				CLANG_WARN_ENUM_CONVERSION = YES;
				CLANG_WARN_INFINITE_RECURSION = YES;
				CLANG_WARN_INT_CONVERSION = YES;
				CLANG_WARN_NON_LITERAL_NULL_CONVERSION = YES;
				CLANG_WARN_OBJC_IMPLICIT_RETAIN_SELF = YES;
				CLANG_WARN_OBJC_LITERAL_CONVERSION = YES;
				CLANG_WARN_OBJC_ROOT_CLASS = YES_ERROR;
				CLANG_WARN_RANGE_LOOP_ANALYSIS = YES;
				CLANG_WARN_STRICT_PROTOTYPES = YES;
				CLANG_WARN_SUSPICIOUS_MOVE = YES;
				CLANG_WARN_UNGUARDED_AVAILABILITY = YES_AGGRESSIVE;
				CLANG_WARN_UNREACHABLE_CODE = YES;
				CLANG_WARN__DUPLICATE_METHOD_MATCH = YES;
				CODE_SIGN_IDENTITY = "iPhone Developer";
				COPY_PHASE_STRIP = NO;
				DEBUG_INFORMATION_FORMAT = dwarf;
				ENABLE_STRICT_OBJC_MSGSEND = YES;
				ENABLE_TESTABILITY = YES;
				GCC_C_LANGUAGE_STANDARD = gnu11;
				GCC_DYNAMIC_NO_PIC = NO;
				GCC_NO_COMMON_BLOCKS = YES;
				GCC_OPTIMIZATION_LEVEL = 0;
				GCC_PREPROCESSOR_DEFINITIONS = (
					"DEBUG=1",
					"$(inherited)",
				);
				GCC_WARN_64_TO_32_BIT_CONVERSION = YES;
				GCC_WARN_ABOUT_RETURN_TYPE = YES_ERROR;
				GCC_WARN_UNDECLARED_SELECTOR = YES;
				GCC_WARN_UNINITIALIZED_AUTOS = YES_AGGRESSIVE;
				GCC_WARN_UNUSED_FUNCTION = YES;
				GCC_WARN_UNUSED_VARIABLE = YES;
				IPHONEOS_DEPLOYMENT_TARGET = 11.4;
				MTL_ENABLE_DEBUG_INFO = YES;
				ONLY_ACTIVE_ARCH = YES;
				SDKROOT = iphoneos;
				SWIFT_ACTIVE_COMPILATION_CONDITIONS = DEBUG;
				SWIFT_OPTIMIZATION_LEVEL = "-Onone";
			};
			name = Debug;
		};
		769F305A2140F5AD00A49E94 /* Release */ = {
			isa = XCBuildConfiguration;
			buildSettings = {
				ALWAYS_SEARCH_USER_PATHS = NO;
				CLANG_ANALYZER_NONNULL = YES;
				CLANG_ANALYZER_NUMBER_OBJECT_CONVERSION = YES_AGGRESSIVE;
				CLANG_CXX_LANGUAGE_STANDARD = "gnu++14";
				CLANG_CXX_LIBRARY = "libc++";
				CLANG_ENABLE_MODULES = YES;
				CLANG_ENABLE_OBJC_ARC = YES;
				CLANG_ENABLE_OBJC_WEAK = YES;
				CLANG_WARN_BLOCK_CAPTURE_AUTORELEASING = YES;
				CLANG_WARN_BOOL_CONVERSION = YES;
				CLANG_WARN_COMMA = YES;
				CLANG_WARN_CONSTANT_CONVERSION = YES;
				CLANG_WARN_DEPRECATED_OBJC_IMPLEMENTATIONS = YES;
				CLANG_WARN_DIRECT_OBJC_ISA_USAGE = YES_ERROR;
				CLANG_WARN_DOCUMENTATION_COMMENTS = YES;
				CLANG_WARN_EMPTY_BODY = YES;
				CLANG_WARN_ENUM_CONVERSION = YES;
				CLANG_WARN_INFINITE_RECURSION = YES;
				CLANG_WARN_INT_CONVERSION = YES;
				CLANG_WARN_NON_LITERAL_NULL_CONVERSION = YES;
				CLANG_WARN_OBJC_IMPLICIT_RETAIN_SELF = YES;
				CLANG_WARN_OBJC_LITERAL_CONVERSION = YES;
				CLANG_WARN_OBJC_ROOT_CLASS = YES_ERROR;
				CLANG_WARN_RANGE_LOOP_ANALYSIS = YES;
				CLANG_WARN_STRICT_PROTOTYPES = YES;
				CLANG_WARN_SUSPICIOUS_MOVE = YES;
				CLANG_WARN_UNGUARDED_AVAILABILITY = YES_AGGRESSIVE;
				CLANG_WARN_UNREACHABLE_CODE = YES;
				CLANG_WARN__DUPLICATE_METHOD_MATCH = YES;
				CODE_SIGN_IDENTITY = "iPhone Developer";
				COPY_PHASE_STRIP = NO;
				DEBUG_INFORMATION_FORMAT = "dwarf-with-dsym";
				ENABLE_NS_ASSERTIONS = NO;
				ENABLE_STRICT_OBJC_MSGSEND = YES;
				GCC_C_LANGUAGE_STANDARD = gnu11;
				GCC_NO_COMMON_BLOCKS = YES;
				GCC_WARN_64_TO_32_BIT_CONVERSION = YES;
				GCC_WARN_ABOUT_RETURN_TYPE = YES_ERROR;
				GCC_WARN_UNDECLARED_SELECTOR = YES;
				GCC_WARN_UNINITIALIZED_AUTOS = YES_AGGRESSIVE;
				GCC_WARN_UNUSED_FUNCTION = YES;
				GCC_WARN_UNUSED_VARIABLE = YES;
				IPHONEOS_DEPLOYMENT_TARGET = 11.4;
				MTL_ENABLE_DEBUG_INFO = NO;
				SDKROOT = iphoneos;
				SWIFT_COMPILATION_MODE = wholemodule;
				SWIFT_OPTIMIZATION_LEVEL = "-O";
				VALIDATE_PRODUCT = YES;
			};
			name = Release;
		};
		769F305C2140F5AD00A49E94 /* Debug */ = {
			isa = XCBuildConfiguration;
			baseConfigurationReference = EE9CE38D84F32B17A35CCA93 /* Pods-subreddit-posts-finder.debug.xcconfig */;
			buildSettings = {
				ASSETCATALOG_COMPILER_APPICON_NAME = AppIcon;
				CODE_SIGN_STYLE = Automatic;
				DEVELOPMENT_TEAM = JTGYX74X92;
				INFOPLIST_FILE = "subreddit-posts-finder/Info.plist";
				LD_RUNPATH_SEARCH_PATHS = (
					"$(inherited)",
					"@executable_path/Frameworks",
				);
				PRODUCT_BUNDLE_IDENTIFIER = "com.jemimah.practice.subreddit-posts-finder";
				PRODUCT_NAME = "$(TARGET_NAME)";
				SWIFT_VERSION = 4.0;
				TARGETED_DEVICE_FAMILY = "1,2";
			};
			name = Debug;
		};
		769F305D2140F5AD00A49E94 /* Release */ = {
			isa = XCBuildConfiguration;
			baseConfigurationReference = BC38B5281F1CE3010B42DCB9 /* Pods-subreddit-posts-finder.release.xcconfig */;
			buildSettings = {
				ASSETCATALOG_COMPILER_APPICON_NAME = AppIcon;
				CODE_SIGN_STYLE = Automatic;
				DEVELOPMENT_TEAM = JTGYX74X92;
				INFOPLIST_FILE = "subreddit-posts-finder/Info.plist";
				LD_RUNPATH_SEARCH_PATHS = (
					"$(inherited)",
					"@executable_path/Frameworks",
				);
				PRODUCT_BUNDLE_IDENTIFIER = "com.jemimah.practice.subreddit-posts-finder";
				PRODUCT_NAME = "$(TARGET_NAME)";
				SWIFT_VERSION = 4.0;
				TARGETED_DEVICE_FAMILY = "1,2";
			};
			name = Release;
		};
/* End XCBuildConfiguration section */

/* Begin XCConfigurationList section */
		769F30442140F5AA00A49E94 /* Build configuration list for PBXProject "subreddit-posts-finder" */ = {
			isa = XCConfigurationList;
			buildConfigurations = (
				769F30592140F5AD00A49E94 /* Debug */,
				769F305A2140F5AD00A49E94 /* Release */,
			);
			defaultConfigurationIsVisible = 0;
			defaultConfigurationName = Release;
		};
		769F305B2140F5AD00A49E94 /* Build configuration list for PBXNativeTarget "subreddit-posts-finder" */ = {
			isa = XCConfigurationList;
			buildConfigurations = (
				769F305C2140F5AD00A49E94 /* Debug */,
				769F305D2140F5AD00A49E94 /* Release */,
			);
			defaultConfigurationIsVisible = 0;
			defaultConfigurationName = Release;
		};
/* End XCConfigurationList section */
	};
	rootObject = 769F30412140F5AA00A49E94 /* Project object */;
}
